
Microsoft Visual Studio Solution File, Format Version 12.00
# Visual Studio Version 16
VisualStudioVersion = 16.0.30523.141
MinimumVisualStudioVersion = 10.0.40219.1
Project("{FAE04EC0-301F-11D3-BF4B-00C04F79EFBC}") = "TwoDecks", "TwoDecks\TwoDecks.csproj", "{41D53860-1C84-43AF-BEF6-8F20C129CA76}"
EndProject
Global
	GlobalSection(SolutionConfigurationPlatforms) = preSolution
		Debug|Any CPU = Debug|Any CPU
		Release|Any CPU = Release|Any CPU
	EndGlobalSection
	GlobalSection(ProjectConfigurationPlatforms) = postSolution
		{41D53860-1C84-43AF-BEF6-8F20C129CA76}.Debug|Any CPU.ActiveCfg = Debug|Any CPU
		{41D53860-1C84-43AF-BEF6-8F20C129CA76}.Debug|Any CPU.Build.0 = Debug|Any CPU
		{41D53860-1C84-43AF-BEF6-8F20C129CA76}.Release|Any CPU.ActiveCfg = Release|Any CPU
		{41D53860-1C84-43AF-BEF6-8F20C129CA76}.Release|Any CPU.Build.0 = Release|Any CPU
	EndGlobalSection
	GlobalSection(SolutionProperties) = preSolution
		HideSolutionNode = FALSE
	EndGlobalSection
	GlobalSection(ExtensibilityGlobals) = postSolution
		SolutionGuid = {D29AAB70-B6F2-46CC-98F5-303128A4AD18}
	EndGlobalSection
EndGlobal
